// !$*UTF8*$!
{
	archiveVersion = 1;
	classes = {
	};
	objectVersion = 56;
	objects = {

/* Begin PBXBuildFile section */
		14BACE102AFE649E008DAA11 /* HomeView.swift in Sources */ = {isa = PBXBuildFile; fileRef = 14BACE0F2AFE649E008DAA11 /* HomeView.swift */; };
		14BACE132AFE7135008DAA11 /* menu.swift in Sources */ = {isa = PBXBuildFile; fileRef = 14BACE122AFE7135008DAA11 /* menu.swift */; };
		14BACE152AFE743E008DAA11 /* rectanglev.swift in Sources */ = {isa = PBXBuildFile; fileRef = 14BACE142AFE743E008DAA11 /* rectanglev.swift */; };
		14BACE172AFE7CAA008DAA11 /* EducatorView.swift in Sources */ = {isa = PBXBuildFile; fileRef = 14BACE162AFE7CAA008DAA11 /* EducatorView.swift */; };
		14BACE192AFE8198008DAA11 /* AboutTheProjectView.swift in Sources */ = {isa = PBXBuildFile; fileRef = 14BACE182AFE8198008DAA11 /* AboutTheProjectView.swift */; };
		14BACE1B2AFE900D008DAA11 /* ProductsView.swift in Sources */ = {isa = PBXBuildFile; fileRef = 14BACE1A2AFE900D008DAA11 /* ProductsView.swift */; };
		14BACE1D2AFEA209008DAA11 /* AboutMbatView.swift in Sources */ = {isa = PBXBuildFile; fileRef = 14BACE1C2AFEA209008DAA11 /* AboutMbatView.swift */; };
		14BACE1F2AFEAAF2008DAA11 /* SeniorView.swift in Sources */ = {isa = PBXBuildFile; fileRef = 14BACE1E2AFEAAF2008DAA11 /* SeniorView.swift */; };
		14BACE212AFEAC57008DAA11 /* IwillChooseView.swift in Sources */ = {isa = PBXBuildFile; fileRef = 14BACE202AFEAC57008DAA11 /* IwillChooseView.swift */; };
		410548A22AFE34050063F527 /* mbat4seniorsApp.swift in Sources */ = {isa = PBXBuildFile; fileRef = 410548A12AFE34050063F527 /* mbat4seniorsApp.swift */; };
		410548A42AFE34050063F527 /* ContentView.swift in Sources */ = {isa = PBXBuildFile; fileRef = 410548A32AFE34050063F527 /* ContentView.swift */; };
		410548A62AFE34060063F527 /* Assets.xcassets in Resources */ = {isa = PBXBuildFile; fileRef = 410548A52AFE34060063F527 /* Assets.xcassets */; };
		410548A92AFE34060063F527 /* Preview Assets.xcassets in Resources */ = {isa = PBXBuildFile; fileRef = 410548A82AFE34060063F527 /* Preview Assets.xcassets */; };
		410548B02AFE43E70063F527 /* test.rtf in Resources */ = {isa = PBXBuildFile; fileRef = 410548AF2AFE43E70063F527 /* test.rtf */; };
/* End PBXBuildFile section */

/* Begin PBXFileReference section */
		14BACE0F2AFE649E008DAA11 /* HomeView.swift */ = {isa = PBXFileReference; lastKnownFileType = sourcecode.swift; path = HomeView.swift; sourceTree = "<group>"; };
		14BACE122AFE7135008DAA11 /* menu.swift */ = {isa = PBXFileReference; lastKnownFileType = sourcecode.swift; path = menu.swift; sourceTree = "<group>"; };
		14BACE142AFE743E008DAA11 /* rectanglev.swift */ = {isa = PBXFileReference; lastKnownFileType = sourcecode.swift; path = rectanglev.swift; sourceTree = "<group>"; };
		14BACE162AFE7CAA008DAA11 /* EducatorView.swift */ = {isa = PBXFileReference; lastKnownFileType = sourcecode.swift; path = EducatorView.swift; sourceTree = "<group>"; };
		14BACE182AFE8198008DAA11 /* AboutTheProjectView.swift */ = {isa = PBXFileReference; lastKnownFileType = sourcecode.swift; path = AboutTheProjectView.swift; sourceTree = "<group>"; };
		14BACE1A2AFE900D008DAA11 /* ProductsView.swift */ = {isa = PBXFileReference; lastKnownFileType = sourcecode.swift; path = ProductsView.swift; sourceTree = "<group>"; };
		14BACE1C2AFEA209008DAA11 /* AboutMbatView.swift */ = {isa = PBXFileReference; lastKnownFileType = sourcecode.swift; path = AboutMbatView.swift; sourceTree = "<group>"; };
		14BACE1E2AFEAAF2008DAA11 /* SeniorView.swift */ = {isa = PBXFileReference; lastKnownFileType = sourcecode.swift; path = SeniorView.swift; sourceTree = "<group>"; };
		14BACE202AFEAC57008DAA11 /* IwillChooseView.swift */ = {isa = PBXFileReference; lastKnownFileType = sourcecode.swift; path = IwillChooseView.swift; sourceTree = "<group>"; };
		4105489E2AFE34050063F527 /* mbat4seniors.app */ = {isa = PBXFileReference; explicitFileType = wrapper.application; includeInIndex = 0; path = mbat4seniors.app; sourceTree = BUILT_PRODUCTS_DIR; };
		410548A12AFE34050063F527 /* mbat4seniorsApp.swift */ = {isa = PBXFileReference; lastKnownFileType = sourcecode.swift; path = mbat4seniorsApp.swift; sourceTree = "<group>"; };
		410548A32AFE34050063F527 /* ContentView.swift */ = {isa = PBXFileReference; lastKnownFileType = sourcecode.swift; path = ContentView.swift; sourceTree = "<group>"; };
		410548A52AFE34060063F527 /* Assets.xcassets */ = {isa = PBXFileReference; lastKnownFileType = folder.assetcatalog; path = Assets.xcassets; sourceTree = "<group>"; };
		410548A82AFE34060063F527 /* Preview Assets.xcassets */ = {isa = PBXFileReference; lastKnownFileType = folder.assetcatalog; path = "Preview Assets.xcassets"; sourceTree = "<group>"; };
		410548AF2AFE43E70063F527 /* test.rtf */ = {isa = PBXFileReference; lastKnownFileType = text.rtf; path = test.rtf; sourceTree = "<group>"; };
/* End PBXFileReference section */

/* Begin PBXFrameworksBuildPhase section */
		4105489B2AFE34050063F527 /* Frameworks */ = {
			isa = PBXFrameworksBuildPhase;
			buildActionMask = 2147483647;
			files = (
			);
			runOnlyForDeploymentPostprocessing = 0;
		};
/* End PBXFrameworksBuildPhase section */

/* Begin PBXGroup section */
		14BACE0E2AFE648F008DAA11 /* Views */ = {
			isa = PBXGroup;
			children = (
				14BACE0F2AFE649E008DAA11 /* HomeView.swift */,
				14BACE162AFE7CAA008DAA11 /* EducatorView.swift */,
				14BACE182AFE8198008DAA11 /* AboutTheProjectView.swift */,
				14BACE1A2AFE900D008DAA11 /* ProductsView.swift */,
				14BACE1C2AFEA209008DAA11 /* AboutMbatView.swift */,
				14BACE1E2AFEAAF2008DAA11 /* SeniorView.swift */,
				14BACE202AFEAC57008DAA11 /* IwillChooseView.swift */,
			);
			path = Views;
			sourceTree = "<group>";
		};
		14BACE112AFE712C008DAA11 /* comp */ = {
			isa = PBXGroup;
			children = (
				14BACE122AFE7135008DAA11 /* menu.swift */,
				14BACE142AFE743E008DAA11 /* rectanglev.swift */,
			);
			path = comp;
			sourceTree = "<group>";
		};
		410548952AFE34050063F527 = {
			isa = PBXGroup;
			children = (
				410548A02AFE34050063F527 /* mbat4seniors */,
				4105489F2AFE34050063F527 /* Products */,
			);
			sourceTree = "<group>";
		};
		4105489F2AFE34050063F527 /* Products */ = {
			isa = PBXGroup;
			children = (
				4105489E2AFE34050063F527 /* mbat4seniors.app */,
			);
			name = Products;
			sourceTree = "<group>";
		};
		410548A02AFE34050063F527 /* mbat4seniors */ = {
			isa = PBXGroup;
			children = (
				14BACE112AFE712C008DAA11 /* comp */,
				14BACE0E2AFE648F008DAA11 /* Views */,
				410548A12AFE34050063F527 /* mbat4seniorsApp.swift */,
				410548A32AFE34050063F527 /* ContentView.swift */,
				410548A52AFE34060063F527 /* Assets.xcassets */,
				410548A72AFE34060063F527 /* Preview Content */,
				410548AF2AFE43E70063F527 /* test.rtf */,
			);
			path = mbat4seniors;
			sourceTree = "<group>";
		};
		410548A72AFE34060063F527 /* Preview Content */ = {
			isa = PBXGroup;
			children = (
				410548A82AFE34060063F527 /* Preview Assets.xcassets */,
			);
			path = "Preview Content";
			sourceTree = "<group>";
		};
/* End PBXGroup section */

/* Begin PBXNativeTarget section */
		4105489D2AFE34050063F527 /* mbat4seniors */ = {
			isa = PBXNativeTarget;
			buildConfigurationList = 410548AC2AFE34060063F527 /* Build configuration list for PBXNativeTarget "mbat4seniors" */;
			buildPhases = (
				4105489A2AFE34050063F527 /* Sources */,
				4105489B2AFE34050063F527 /* Frameworks */,
				4105489C2AFE34050063F527 /* Resources */,
			);
			buildRules = (
			);
			dependencies = (
			);
			name = mbat4seniors;
			productName = mbat4seniors;
			productReference = 4105489E2AFE34050063F527 /* mbat4seniors.app */;
			productType = "com.apple.product-type.application";
		};
/* End PBXNativeTarget section */

/* Begin PBXProject section */
		410548962AFE34050063F527 /* Project object */ = {
			isa = PBXProject;
			attributes = {
				BuildIndependentTargetsInParallel = 1;
				LastSwiftUpdateCheck = 1500;
				LastUpgradeCheck = 1500;
				TargetAttributes = {
					4105489D2AFE34050063F527 = {
						CreatedOnToolsVersion = 15.0.1;
					};
				};
			};
			buildConfigurationList = 410548992AFE34050063F527 /* Build configuration list for PBXProject "mbat4seniors" */;
			compatibilityVersion = "Xcode 14.0";
			developmentRegion = en;
			hasScannedForEncodings = 0;
			knownRegions = (
				en,
				Base,
			);
			mainGroup = 410548952AFE34050063F527;
			productRefGroup = 4105489F2AFE34050063F527 /* Products */;
			projectDirPath = "";
			projectRoot = "";
			targets = (
				4105489D2AFE34050063F527 /* mbat4seniors */,
			);
		};
/* End PBXProject section */

/* Begin PBXResourcesBuildPhase section */
		4105489C2AFE34050063F527 /* Resources */ = {
			isa = PBXResourcesBuildPhase;
			buildActionMask = 2147483647;
			files = (
				410548A92AFE34060063F527 /* Preview Assets.xcassets in Resources */,
				410548B02AFE43E70063F527 /* test.rtf in Resources */,
				410548A62AFE34060063F527 /* Assets.xcassets in Resources */,
			);
			runOnlyForDeploymentPostprocessing = 0;
		};
/* End PBXResourcesBuildPhase section */

/* Begin PBXSourcesBuildPhase section */
		4105489A2AFE34050063F527 /* Sources */ = {
			isa = PBXSourcesBuildPhase;
			buildActionMask = 2147483647;
			files = (
				14BACE102AFE649E008DAA11 /* HomeView.swift in Sources */,
				14BACE152AFE743E008DAA11 /* rectanglev.swift in Sources */,
				410548A42AFE34050063F527 /* ContentView.swift in Sources */,
				14BACE1D2AFEA209008DAA11 /* AboutMbatView.swift in Sources */,
				14BACE212AFEAC57008DAA11 /* IwillChooseView.swift in Sources */,
				14BACE1F2AFEAAF2008DAA11 /* SeniorView.swift in Sources */,
				14BACE172AFE7CAA008DAA11 /* EducatorView.swift in Sources */,
				14BACE1B2AFE900D008DAA11 /* ProductsView.swift in Sources */,
				14BACE192AFE8198008DAA11 /* AboutTheProjectView.swift in Sources */,
				14BACE132AFE7135008DAA11 /* menu.swift in Sources */,
				410548A22AFE34050063F527 /* mbat4seniorsApp.swift in Sources */,
			);
			runOnlyForDeploymentPostprocessing = 0;
		};
/* End PBXSourcesBuildPhase section */

/* Begin XCBuildConfiguration section */
		410548AA2AFE34060063F527 /* Debug */ = {
			isa = XCBuildConfiguration;
			buildSettings = {
				ALWAYS_SEARCH_USER_PATHS = NO;
				ASSETCATALOG_COMPILER_GENERATE_SWIFT_ASSET_SYMBOL_EXTENSIONS = YES;
				CLANG_ANALYZER_NONNULL = YES;
				CLANG_ANALYZER_NUMBER_OBJECT_CONVERSION = YES_AGGRESSIVE;
				CLANG_CXX_LANGUAGE_STANDARD = "gnu++20";
				CLANG_ENABLE_MODULES = YES;
				CLANG_ENABLE_OBJC_ARC = YES;
				CLANG_ENABLE_OBJC_WEAK = YES;
				CLANG_WARN_BLOCK_CAPTURE_AUTORELEASING = YES;
				CLANG_WARN_BOOL_CONVERSION = YES;
				CLANG_WARN_COMMA = YES;
				CLANG_WARN_CONSTANT_CONVERSION = YES;
				CLANG_WARN_DEPRECATED_OBJC_IMPLEMENTATIONS = YES;
				CLANG_WARN_DIRECT_OBJC_ISA_USAGE = YES_ERROR;
				CLANG_WARN_DOCUMENTATION_COMMENTS = YES;
				CLANG_WARN_EMPTY_BODY = YES;
				CLANG_WARN_ENUM_CONVERSION = YES;
				CLANG_WARN_INFINITE_RECURSION = YES;
				CLANG_WARN_INT_CONVERSION = YES;
				CLANG_WARN_NON_LITERAL_NULL_CONVERSION = YES;
				CLANG_WARN_OBJC_IMPLICIT_RETAIN_SELF = YES;
				CLANG_WARN_OBJC_LITERAL_CONVERSION = YES;
				CLANG_WARN_OBJC_ROOT_CLASS = YES_ERROR;
				CLANG_WARN_QUOTED_INCLUDE_IN_FRAMEWORK_HEADER = YES;
				CLANG_WARN_RANGE_LOOP_ANALYSIS = YES;
				CLANG_WARN_STRICT_PROTOTYPES = YES;
				CLANG_WARN_SUSPICIOUS_MOVE = YES;
				CLANG_WARN_UNGUARDED_AVAILABILITY = YES_AGGRESSIVE;
				CLANG_WARN_UNREACHABLE_CODE = YES;
				CLANG_WARN__DUPLICATE_METHOD_MATCH = YES;
				COPY_PHASE_STRIP = NO;
				DEBUG_INFORMATION_FORMAT = dwarf;
				ENABLE_STRICT_OBJC_MSGSEND = YES;
				ENABLE_TESTABILITY = YES;
				ENABLE_USER_SCRIPT_SANDBOXING = YES;
				GCC_C_LANGUAGE_STANDARD = gnu17;
				GCC_DYNAMIC_NO_PIC = NO;
				GCC_NO_COMMON_BLOCKS = YES;
				GCC_OPTIMIZATION_LEVEL = 0;
				GCC_PREPROCESSOR_DEFINITIONS = (
					"DEBUG=1",
					"$(inherited)",
				);
				GCC_WARN_64_TO_32_BIT_CONVERSION = YES;
				GCC_WARN_ABOUT_RETURN_TYPE = YES_ERROR;
				GCC_WARN_UNDECLARED_SELECTOR = YES;
				GCC_WARN_UNINITIALIZED_AUTOS = YES_AGGRESSIVE;
				GCC_WARN_UNUSED_FUNCTION = YES;
				GCC_WARN_UNUSED_VARIABLE = YES;
				IPHONEOS_DEPLOYMENT_TARGET = 17.0;
				LOCALIZATION_PREFERS_STRING_CATALOGS = YES;
				MTL_ENABLE_DEBUG_INFO = INCLUDE_SOURCE;
				MTL_FAST_MATH = YES;
				ONLY_ACTIVE_ARCH = YES;
				SDKROOT = iphoneos;
				SWIFT_ACTIVE_COMPILATION_CONDITIONS = "DEBUG $(inherited)";
				SWIFT_OPTIMIZATION_LEVEL = "-Onone";
			};
			name = Debug;
		};
		410548AB2AFE34060063F527 /* Release */ = {
			isa = XCBuildConfiguration;
			buildSettings = {
				ALWAYS_SEARCH_USER_PATHS = NO;
				ASSETCATALOG_COMPILER_GENERATE_SWIFT_ASSET_SYMBOL_EXTENSIONS = YES;
				CLANG_ANALYZER_NONNULL = YES;
				CLANG_ANALYZER_NUMBER_OBJECT_CONVERSION = YES_AGGRESSIVE;
				CLANG_CXX_LANGUAGE_STANDARD = "gnu++20";
				CLANG_ENABLE_MODULES = YES;
				CLANG_ENABLE_OBJC_ARC = YES;
				CLANG_ENABLE_OBJC_WEAK = YES;
				CLANG_WARN_BLOCK_CAPTURE_AUTORELEASING = YES;
				CLANG_WARN_BOOL_CONVERSION = YES;
				CLANG_WARN_COMMA = YES;
				CLANG_WARN_CONSTANT_CONVERSION = YES;
				CLANG_WARN_DEPRECATED_OBJC_IMPLEMENTATIONS = YES;
				CLANG_WARN_DIRECT_OBJC_ISA_USAGE = YES_ERROR;
				CLANG_WARN_DOCUMENTATION_COMMENTS = YES;
				CLANG_WARN_EMPTY_BODY = YES;
				CLANG_WARN_ENUM_CONVERSION = YES;
				CLANG_WARN_INFINITE_RECURSION = YES;
				CLANG_WARN_INT_CONVERSION = YES;
				CLANG_WARN_NON_LITERAL_NULL_CONVERSION = YES;
				CLANG_WARN_OBJC_IMPLICIT_RETAIN_SELF = YES;
				CLANG_WARN_OBJC_LITERAL_CONVERSION = YES;
				CLANG_WARN_OBJC_ROOT_CLASS = YES_ERROR;
				CLANG_WARN_QUOTED_INCLUDE_IN_FRAMEWORK_HEADER = YES;
				CLANG_WARN_RANGE_LOOP_ANALYSIS = YES;
				CLANG_WARN_STRICT_PROTOTYPES = YES;
				CLANG_WARN_SUSPICIOUS_MOVE = YES;
				CLANG_WARN_UNGUARDED_AVAILABILITY = YES_AGGRESSIVE;
				CLANG_WARN_UNREACHABLE_CODE = YES;
				CLANG_WARN__DUPLICATE_METHOD_MATCH = YES;
				COPY_PHASE_STRIP = NO;
				DEBUG_INFORMATION_FORMAT = "dwarf-with-dsym";
				ENABLE_NS_ASSERTIONS = NO;
				ENABLE_STRICT_OBJC_MSGSEND = YES;
				ENABLE_USER_SCRIPT_SANDBOXING = YES;
				GCC_C_LANGUAGE_STANDARD = gnu17;
				GCC_NO_COMMON_BLOCKS = YES;
				GCC_WARN_64_TO_32_BIT_CONVERSION = YES;
				GCC_WARN_ABOUT_RETURN_TYPE = YES_ERROR;
				GCC_WARN_UNDECLARED_SELECTOR = YES;
				GCC_WARN_UNINITIALIZED_AUTOS = YES_AGGRESSIVE;
				GCC_WARN_UNUSED_FUNCTION = YES;
				GCC_WARN_UNUSED_VARIABLE = YES;
				IPHONEOS_DEPLOYMENT_TARGET = 17.0;
				LOCALIZATION_PREFERS_STRING_CATALOGS = YES;
				MTL_ENABLE_DEBUG_INFO = NO;
				MTL_FAST_MATH = YES;
				SDKROOT = iphoneos;
				SWIFT_COMPILATION_MODE = wholemodule;
				VALIDATE_PRODUCT = YES;
			};
			name = Release;
		};
		410548AD2AFE34060063F527 /* Debug */ = {
			isa = XCBuildConfiguration;
			buildSettings = {
				ASSETCATALOG_COMPILER_APPICON_NAME = AppIcon;
				ASSETCATALOG_COMPILER_GLOBAL_ACCENT_COLOR_NAME = AccentColor;
				CODE_SIGN_STYLE = Automatic;
				CURRENT_PROJECT_VERSION = 1;
				DEVELOPMENT_ASSET_PATHS = "\"mbat4seniors/Preview Content\"";
				DEVELOPMENT_TEAM = 2G4SF4ARQP;
				ENABLE_PREVIEWS = YES;
				GENERATE_INFOPLIST_FILE = YES;
				INFOPLIST_KEY_UIApplicationSceneManifest_Generation = YES;
				INFOPLIST_KEY_UIApplicationSupportsIndirectInputEvents = YES;
				INFOPLIST_KEY_UILaunchScreen_Generation = YES;
				INFOPLIST_KEY_UISupportedInterfaceOrientations_iPad = "UIInterfaceOrientationPortrait UIInterfaceOrientationPortraitUpsideDown UIInterfaceOrientationLandscapeLeft UIInterfaceOrientationLandscapeRight";
				INFOPLIST_KEY_UISupportedInterfaceOrientations_iPhone = "UIInterfaceOrientationPortrait UIInterfaceOrientationLandscapeLeft UIInterfaceOrientationLandscapeRight";
				IPHONEOS_DEPLOYMENT_TARGET = 15.0;
				LD_RUNPATH_SEARCH_PATHS = (
					"$(inherited)",
					"@executable_path/Frameworks",
				);
				MARKETING_VERSION = 1.0;
				PRODUCT_BUNDLE_IDENTIFIER = aliamer.mbat4seniors;
				PRODUCT_NAME = "$(TARGET_NAME)";
				SWIFT_EMIT_LOC_STRINGS = YES;
				SWIFT_VERSION = 5.0;
				TARGETED_DEVICE_FAMILY = "1,2";
			};
			name = Debug;
		};
		410548AE2AFE34060063F527 /* Release */ = {
			isa = XCBuildConfiguration;
			buildSettings = {
				ASSETCATALOG_COMPILER_APPICON_NAME = AppIcon;
				ASSETCATALOG_COMPILER_GLOBAL_ACCENT_COLOR_NAME = AccentColor;
				CODE_SIGN_STYLE = Automatic;
				CURRENT_PROJECT_VERSION = 1;
				DEVELOPMENT_ASSET_PATHS = "\"mbat4seniors/Preview Content\"";
				DEVELOPMENT_TEAM = 2G4SF4ARQP;
				ENABLE_PREVIEWS = YES;
				GENERATE_INFOPLIST_FILE = YES;
				INFOPLIST_KEY_UIApplicationSceneManifest_Generation = YES;
				INFOPLIST_KEY_UIApplicationSupportsIndirectInputEvents = YES;
				INFOPLIST_KEY_UILaunchScreen_Generation = YES;
				INFOPLIST_KEY_UISupportedInterfaceOrientations_iPad = "UIInterfaceOrientationPortrait UIInterfaceOrientationPortraitUpsideDown UIInterfaceOrientationLandscapeLeft UIInterfaceOrientationLandscapeRight";
				INFOPLIST_KEY_UISupportedInterfaceOrientations_iPhone = "UIInterfaceOrientationPortrait UIInterfaceOrientationLandscapeLeft UIInterfaceOrientationLandscapeRight";
				IPHONEOS_DEPLOYMENT_TARGET = 15.0;
				LD_RUNPATH_SEARCH_PATHS = (
					"$(inherited)",
					"@executable_path/Frameworks",
				);
				MARKETING_VERSION = 1.0;
				PRODUCT_BUNDLE_IDENTIFIER = aliamer.mbat4seniors;
				PRODUCT_NAME = "$(TARGET_NAME)";
				SWIFT_EMIT_LOC_STRINGS = YES;
				SWIFT_VERSION = 5.0;
				TARGETED_DEVICE_FAMILY = "1,2";
			};
			name = Release;
		};
/* End XCBuildConfiguration section */

/* Begin XCConfigurationList section */
		410548992AFE34050063F527 /* Build configuration list for PBXProject "mbat4seniors" */ = {
			isa = XCConfigurationList;
			buildConfigurations = (
				410548AA2AFE34060063F527 /* Debug */,
				410548AB2AFE34060063F527 /* Release */,
			);
			defaultConfigurationIsVisible = 0;
			defaultConfigurationName = Release;
		};
		410548AC2AFE34060063F527 /* Build configuration list for PBXNativeTarget "mbat4seniors" */ = {
			isa = XCConfigurationList;
			buildConfigurations = (
				410548AD2AFE34060063F527 /* Debug */,
				410548AE2AFE34060063F527 /* Release */,
			);
			defaultConfigurationIsVisible = 0;
			defaultConfigurationName = Release;
		};
/* End XCConfigurationList section */
	};
	rootObject = 410548962AFE34050063F527 /* Project object */;
}
